
Microsoft Visual Studio Solution File, Format Version 12.00
# Visual Studio 2012
Project("{FAE04EC0-301F-11D3-BF4B-00C04F79EFBC}") = "DateAndTime05", "DateAndTime05\DateAndTime05.csproj", "{CCC2F59D-B74B-4B60-A841-C29CD22CECB8}"
EndProject
Global
	GlobalSection(SolutionConfigurationPlatforms) = preSolution
		Debug|iPhoneSimulator = Debug|iPhoneSimulator
		Release|iPhone = Release|iPhone
		Release|iPhoneSimulator = Release|iPhoneSimulator
		Debug|iPhone = Debug|iPhone
	EndGlobalSection
	GlobalSection(ProjectConfigurationPlatforms) = postSolution
		{CCC2F59D-B74B-4B60-A841-C29CD22CECB8}.Debug|iPhoneSimulator.ActiveCfg = Debug|iPhoneSimulator
		{CCC2F59D-B74B-4B60-A841-C29CD22CECB8}.Debug|iPhoneSimulator.Build.0 = Debug|iPhoneSimulator
		{CCC2F59D-B74B-4B60-A841-C29CD22CECB8}.Release|iPhone.ActiveCfg = Release|iPhone
		{CCC2F59D-B74B-4B60-A841-C29CD22CECB8}.Release|iPhone.Build.0 = Release|iPhone
		{CCC2F59D-B74B-4B60-A841-C29CD22CECB8}.Release|iPhoneSimulator.ActiveCfg = Release|iPhoneSimulator
		{CCC2F59D-B74B-4B60-A841-C29CD22CECB8}.Release|iPhoneSimulator.Build.0 = Release|iPhoneSimulator
		{CCC2F59D-B74B-4B60-A841-C29CD22CECB8}.Debug|iPhone.ActiveCfg = Debug|iPhone
		{CCC2F59D-B74B-4B60-A841-C29CD22CECB8}.Debug|iPhone.Build.0 = Debug|iPhone
	EndGlobalSection
EndGlobal
